Microsoft Visual Studio Solution File, Format Version 12.00
# Visual Studio Version 17
VisualStudioVersion = 17.5.2.0
MinimumVisualStudioVersion = 10.0.40219.1
Project("{FAE04EC0-301F-11D3-BF4B-00C04F79EFBC}") = "Paperwork.Core", "Paperwork.Core.csproj", "{AD01F364-D23E-5A24-D5A0-EB8838E2BFAD}"
EndProject
Global
	GlobalSection(SolutionConfigurationPlatforms) = preSolution
		Debug|Any CPU = Debug|Any CPU
		Release|Any CPU = Release|Any CPU
	EndGlobalSection
	GlobalSection(ProjectConfigurationPlatforms) = postSolution
		{AD01F364-D23E-5A24-D5A0-EB8838E2BFAD}.Debug|Any CPU.ActiveCfg = Debug|Any CPU
		{AD01F364-D23E-5A24-D5A0-EB8838E2BFAD}.Debug|Any CPU.Build.0 = Debug|Any CPU
		{AD01F364-D23E-5A24-D5A0-EB8838E2BFAD}.Release|Any CPU.ActiveCfg = Release|Any CPU
		{AD01F364-D23E-5A24-D5A0-EB8838E2BFAD}.Release|Any CPU.Build.0 = Release|Any CPU
	EndGlobalSection
	GlobalSection(SolutionProperties) = preSolution
		HideSolutionNode = FALSE
	EndGlobalSection
	GlobalSection(ExtensibilityGlobals) = postSolution
		SolutionGuid = {9A4CCE35-00F4-4A58-8B04-CB32FE9EEFA5}
	EndGlobalSection
EndGlobal
